# THIS IS AN AUTOGENERATED FILE. DO NOT EDIT THIS FILE DIRECTLY.
# yarn lockfile v1


querystringify@~1.0.0:
  version "1.0.0"
  resolved "http://r.cnpmjs.org/querystringify/download/querystringify-1.0.0.tgz#6286242112c5b712fa654e526652bf6a13ff05cb"

requires-port@~1.0.0:
  version "1.0.0"
  resolved "http://r.cnpmjs.org/requires-port/download/requires-port-1.0.0.tgz#925d2601d39ac485e091cf0da5c6e694dc3dcaff"

url-parse@^1.2.0:
  version "1.2.0"
  resolved "http://r.cnpmjs.org/url-parse/download/url-parse-1.2.0.tgz#3a19e8aaa6d023ddd27dcc44cb4fc8f7fec23986"
  dependencies:
    querystringify "~1.0.0"
    requires-port "~1.0.0"
